<?xml version="1.0" encoding="utf-8"?>
<Project ToolsVersion="4.0" xmlns="http://schemas.microsoft.com/developer/msbuild/2003">
  <ItemGroup>
    <Filter Include="소스 파일">
      <UniqueIdentifier>{4FC737F1-C7A5-4376-A066-2A32D752A2FF}</UniqueIdentifier>
      <Extensions>cpp;c;cc;cxx;def;odl;idl;hpj;bat;asm;asmx</Extensions>
    </Filter>
    <Filter Include="헤더 파일">
      <UniqueIdentifier>{93995380-89BD-4b04-88EB-625FBE52EBFB}</UniqueIdentifier>
      <Extensions>h;hh;hpp;hxx;hm;inl;inc;xsd</Extensions>
    </Filter>
    <Filter Include="리소스 파일">
      <UniqueIdentifier>{67DA6AB6-F800-4c08-8B7A-83BB121AAD01}</UniqueIdentifier>
      <Extensions>rc;ico;cur;bmp;dlg;rc2;rct;bin;rgs;gif;jpg;jpeg;jpe;resx;tiff;tif;png;wav;mfcribbon-ms</Extensions>
    </Filter>
    <Filter Include="00. MainGame">
      <UniqueIdentifier>{3712b02a-b336-41f2-aeca-2a56eff6e574}</UniqueIdentifier>
    </Filter>
    <Filter Include="01. Obj">
      <UniqueIdentifier>{19fbeeae-bacc-4233-ae15-136c9effcc7e}</UniqueIdentifier>
    </Filter>
    <Filter Include="01. Obj\00. Player">
      <UniqueIdentifier>{dba4a3e7-be6c-46c4-affa-122ea417f3a0}</UniqueIdentifier>
    </Filter>
    <Filter Include="01. Obj\01. Bullet">
      <UniqueIdentifier>{6791b031-ecb8-43ac-9553-4479a86455e5}</UniqueIdentifier>
    </Filter>
    <Filter Include="01. Obj\02. Monster">
      <UniqueIdentifier>{5d33c305-9fa3-422e-a607-c3cc3af44b3e}</UniqueIdentifier>
    </Filter>
    <Filter Include="02. Design">
      <UniqueIdentifier>{6ca30a8b-cc5e-483a-ac5d-2680dffa5171}</UniqueIdentifier>
    </Filter>
    <Filter Include="02. Design\00. AbstractFactory">
      <UniqueIdentifier>{cdbfb1bd-b1fb-42ab-baa7-0a72883c9373}</UniqueIdentifier>
    </Filter>
    <Filter Include="01. Obj\03. Mouse">
      <UniqueIdentifier>{88eddc80-674d-4290-a472-a6306ae949a8}</UniqueIdentifier>
    </Filter>
    <Filter Include="02. Design\01. CollisionMgr">
      <UniqueIdentifier>{f69015f6-cb4f-4b69-ba7d-79314e2cbcab}</UniqueIdentifier>
    </Filter>
    <Filter Include="01. Obj\04. Shield">
      <UniqueIdentifier>{51ffa4e5-272f-4a03-8daa-aaee13cf39ca}</UniqueIdentifier>
    </Filter>
    <Filter Include="01. Obj\01. Bullet\00. ScrewBullet">
      <UniqueIdentifier>{c2844ef4-e624-4495-a46d-3aaf94293c61}</UniqueIdentifier>
    </Filter>
    <Filter Include="02. Design\02. ObjMgr">
      <UniqueIdentifier>{83562349-053a-4adc-889e-2bf501c580a8}</UniqueIdentifier>
    </Filter>
    <Filter Include="01. Obj\01. Bullet\01. GuideBullet">
      <UniqueIdentifier>{2f1e2894-3536-4e99-82bd-0c1e3c5320e4}</UniqueIdentifier>
    </Filter>
    <Filter Include="02. Design\04. KeyMgr">
      <UniqueIdentifier>{3168ff06-a4b3-4c45-bf61-bc30d36ce953}</UniqueIdentifier>
    </Filter>
    <Filter Include="02. Design\05. ScrollMgr">
      <UniqueIdentifier>{0faebffe-3ebf-4f84-a389-b0cf5525cffe}</UniqueIdentifier>
    </Filter>
    <Filter Include="02. Design\06. BmpMgr">
      <UniqueIdentifier>{1b26cbb7-5601-4e86-a09a-b565cf15edd8}</UniqueIdentifier>
    </Filter>
    <Filter Include="02. Design\06. BmpMgr\MyBmp">
      <UniqueIdentifier>{6b35d353-124b-4970-bd39-055ef589f822}</UniqueIdentifier>
    </Filter>
    <Filter Include="02. Design\07. SceneMgr">
      <UniqueIdentifier>{5bdaf7f7-8244-48cf-9d4b-b9f2aa9352b9}</UniqueIdentifier>
    </Filter>
    <Filter Include="02. Design\07. SceneMgr\Scene">
      <UniqueIdentifier>{8524a234-66ef-4499-98aa-c467a9b89aa5}</UniqueIdentifier>
    </Filter>
    <Filter Include="03. Scene">
      <UniqueIdentifier>{12080b6c-8826-4fa6-86aa-cbc4a1716a52}</UniqueIdentifier>
    </Filter>
    <Filter Include="03. Scene\00. Logo">
      <UniqueIdentifier>{923b850f-9147-4f8f-9c39-5fa6ea400425}</UniqueIdentifier>
    </Filter>
    <Filter Include="03. Scene\01. Menu">
      <UniqueIdentifier>{b23e67f0-1bb0-4a4a-ab7e-cf35957eacb4}</UniqueIdentifier>
    </Filter>
    <Filter Include="03. Scene\02. Edit">
      <UniqueIdentifier>{38c10ce6-247d-459a-a1d1-e9a72e6a66b7}</UniqueIdentifier>
    </Filter>
    <Filter Include="03. Scene\03. Stage">
      <UniqueIdentifier>{846e590a-9d66-4ed5-a53f-23941b25cfd6}</UniqueIdentifier>
    </Filter>
    <Filter Include="01. Obj\05. Button">
      <UniqueIdentifier>{4fd9ab46-0a24-4d0d-87d3-3e4d7a339345}</UniqueIdentifier>
    </Filter>
    <Filter Include="01. Obj\06. Tile">
      <UniqueIdentifier>{12b60e85-a76f-4a87-83f1-812b8b652606}</UniqueIdentifier>
    </Filter>
    <Filter Include="02. Design\08. TileMgr">
      <UniqueIdentifier>{f47b7cdf-54b7-4a6a-8ae5-68f923eacb9e}</UniqueIdentifier>
    </Filter>
    <Filter Include="02. Design\06. BmpMgr\00.MyPng">
      <UniqueIdentifier>{d12ff449-7574-40da-abd4-d530994c2616}</UniqueIdentifier>
    </Filter>
    <Filter Include="02. Design\06. BmpMgr\00.MyPng\06.PngMgr">
      <UniqueIdentifier>{da10c9fc-00ce-40c9-8090-5e0c6c367b07}</UniqueIdentifier>
    </Filter>
    <Filter Include="02. Design\09.SoundMgr">
      <UniqueIdentifier>{e88773f6-5238-4392-9619-2ebdc160e816}</UniqueIdentifier>
    </Filter>
    <Filter Include="02. Design\03.LineMgr">
      <UniqueIdentifier>{7c87f06a-5845-4416-9661-abf737402c62}</UniqueIdentifier>
    </Filter>
    <Filter Include="02. Design\03.LineMgr\MyLine">
      <UniqueIdentifier>{b8c3c523-df6f-4d02-a02e-97b0e470aad5}</UniqueIdentifier>
    </Filter>
    <Filter Include="01. Obj\07.GUI">
      <UniqueIdentifier>{8e0fed7c-b45c-45e4-9164-6faaa1d2cc80}</UniqueIdentifier>
    </Filter>
    <Filter Include="01. Obj\01. Bullet\00.Dash">
      <UniqueIdentifier>{5daf0838-fdce-46f2-b3e5-ed248153d590}</UniqueIdentifier>
    </Filter>
    <Filter Include="01. Obj\02. Monster\00.Boss">
      <UniqueIdentifier>{65e6e22f-4be3-40a1-91d1-dbfbcb4ee211}</UniqueIdentifier>
    </Filter>
    <Filter Include="01. Obj\01. Bullet\01.Teleport">
      <UniqueIdentifier>{77818208-6745-481c-9c63-c11273298502}</UniqueIdentifier>
    </Filter>
    <Filter Include="01. Obj\01. Bullet\02.Fireball">
      <UniqueIdentifier>{761fc995-f7ee-4188-9d5f-457e3f2e9aab}</UniqueIdentifier>
    </Filter>
    <Filter Include="01. Obj\01. Bullet\03.FireExploed">
      <UniqueIdentifier>{e55c2396-3267-44f4-bca0-d8d3c1b34f25}</UniqueIdentifier>
    </Filter>
    <Filter Include="03. Scene\04. BossStage">
      <UniqueIdentifier>{78156c8e-1cad-4521-beac-a92e7fb3bf65}</UniqueIdentifier>
    </Filter>
    <Filter Include="01. Obj\01. Bullet\04.Fireburn">
      <UniqueIdentifier>{cee3973b-7f97-406d-988e-7c3c5253e205}</UniqueIdentifier>
    </Filter>
    <Filter Include="01. Obj\01. Bullet\05.Meteor">
      <UniqueIdentifier>{3742f1a7-ff6e-4d43-9e7f-0429decd9690}</UniqueIdentifier>
    </Filter>
    <Filter Include="01. Obj\01. Bullet\06.MeteorExploed">
      <UniqueIdentifier>{1f003033-e6bc-4ee7-a17a-f3f1fdab4635}</UniqueIdentifier>
    </Filter>
    <Filter Include="01. Obj\01. Bullet\07.HitEffect">
      <UniqueIdentifier>{aa8ac725-efb9-4684-8b87-aca97555e6bd}</UniqueIdentifier>
    </Filter>
    <Filter Include="01. Obj\02. Monster\01.Knight">
      <UniqueIdentifier>{87ffa5be-44d3-4f83-9662-07755e63f084}</UniqueIdentifier>
    </Filter>
    <Filter Include="01. Obj\01. Bullet\08.MosterSlash">
      <UniqueIdentifier>{e5757d51-bf27-496d-84bf-23d18ff5793b}</UniqueIdentifier>
    </Filter>
    <Filter Include="01. Obj\02. Monster\02.Wizard">
      <UniqueIdentifier>{8c45eef6-12da-4cd7-9cba-4d9b73870a86}</UniqueIdentifier>
    </Filter>
    <Filter Include="01. Obj\01. Bullet\09.Wizard_Fire">
      <UniqueIdentifier>{d1e4ea24-8642-4b0b-80f7-6032e1c3902e}</UniqueIdentifier>
    </Filter>
    <Filter Include="01. Obj\08.Potal">
      <UniqueIdentifier>{654568e4-e8a9-448c-94d8-f8fc151d6c3c}</UniqueIdentifier>
    </Filter>
    <Filter Include="01. Obj\09.Coin">
      <UniqueIdentifier>{6fd16c83-560f-431f-908d-e49e9bea36bf}</UniqueIdentifier>
    </Filter>
    <Filter Include="01. Obj\10.Merchant">
      <UniqueIdentifier>{ec68d476-3a07-4468-9cca-ff370232dd30}</UniqueIdentifier>
    </Filter>
    <Filter Include="01. Obj\11.ShopTable">
      <UniqueIdentifier>{27ad8907-1316-4a76-82f7-a78008030435}</UniqueIdentifier>
    </Filter>
    <Filter Include="01. Obj\12.Potion">
      <UniqueIdentifier>{33b08d80-3fb1-4bfb-abba-758522d979d0}</UniqueIdentifier>
    </Filter>
    <Filter Include="01. Obj\13.SkillCard">
      <UniqueIdentifier>{5f5f6645-a633-4afd-ae0c-00393fd36dc1}</UniqueIdentifier>
    </Filter>
    <Filter Include="01. Obj\02. Monster\03.KnightSpawn">
      <UniqueIdentifier>{b514b441-d457-45f5-8667-683e08d78a25}</UniqueIdentifier>
    </Filter>
    <Filter Include="01. Obj\01. Bullet\10.Wizard_Fire_Explosion">
      <UniqueIdentifier>{b0c5631f-7ef9-4bd9-8c21-e0bd19920c4c}</UniqueIdentifier>
    </Filter>
  </ItemGroup>
  <ItemGroup>
    <Text Include="ReadMe.txt" />
  </ItemGroup>
  <ItemGroup>
    <ClInclude Include="stdafx.h">
      <Filter>헤더 파일</Filter>
    </ClInclude>
    <ClInclude Include="targetver.h">
      <Filter>헤더 파일</Filter>
    </ClInclude>
    <ClInclude Include="Resource.h">
      <Filter>헤더 파일</Filter>
    </ClInclude>
    <ClInclude Include="DefaultWindow.h">
      <Filter>헤더 파일</Filter>
    </ClInclude>
    <ClInclude Include="MainGame.h">
      <Filter>00. MainGame</Filter>
    </ClInclude>
    <ClInclude Include="Define.h">
      <Filter>헤더 파일</Filter>
    </ClInclude>
    <ClInclude Include="Obj.h">
      <Filter>01. Obj</Filter>
    </ClInclude>
    <ClInclude Include="Player.h">
      <Filter>01. Obj\00. Player</Filter>
    </ClInclude>
    <ClInclude Include="Magic.h">
      <Filter>01. Obj\01. Bullet</Filter>
    </ClInclude>
    <ClInclude Include="Monster.h">
      <Filter>01. Obj\02. Monster</Filter>
    </ClInclude>
    <ClInclude Include="AbstractFactory.h">
      <Filter>02. Design\00. AbstractFactory</Filter>
    </ClInclude>
    <ClInclude Include="Mouse.h">
      <Filter>01. Obj\03. Mouse</Filter>
    </ClInclude>
    <ClInclude Include="CollisionMgr.h">
      <Filter>02. Design\01. CollisionMgr</Filter>
    </ClInclude>
    <ClInclude Include="Shield.h">
      <Filter>01. Obj\04. Shield</Filter>
    </ClInclude>
    <ClInclude Include="ScrewBullet.h">
      <Filter>01. Obj\01. Bullet\00. ScrewBullet</Filter>
    </ClInclude>
    <ClInclude Include="ObjMgr.h">
      <Filter>02. Design\02. ObjMgr</Filter>
    </ClInclude>
    <ClInclude Include="GuideBullet.h">
      <Filter>01. Obj\01. Bullet\01. GuideBullet</Filter>
    </ClInclude>
    <ClInclude Include="KeyMgr.h">
      <Filter>02. Design\04. KeyMgr</Filter>
    </ClInclude>
    <ClInclude Include="ScrollMgr.h">
      <Filter>02. Design\05. ScrollMgr</Filter>
    </ClInclude>
    <ClInclude Include="MyBmp.h">
      <Filter>02. Design\06. BmpMgr\MyBmp</Filter>
    </ClInclude>
    <ClInclude Include="BmpMgr.h">
      <Filter>02. Design\06. BmpMgr</Filter>
    </ClInclude>
    <ClInclude Include="Scene.h">
      <Filter>02. Design\07. SceneMgr\Scene</Filter>
    </ClInclude>
    <ClInclude Include="Logo.h">
      <Filter>03. Scene\00. Logo</Filter>
    </ClInclude>
    <ClInclude Include="SceneMgr.h">
      <Filter>02. Design\07. SceneMgr</Filter>
    </ClInclude>
    <ClInclude Include="MyMenu.h">
      <Filter>03. Scene\01. Menu</Filter>
    </ClInclude>
    <ClInclude Include="MyButton.h">
      <Filter>01. Obj\05. Button</Filter>
    </ClInclude>
    <ClInclude Include="Stage.h">
      <Filter>03. Scene\03. Stage</Filter>
    </ClInclude>
    <ClInclude Include="Tile.h">
      <Filter>01. Obj\06. Tile</Filter>
    </ClInclude>
    <ClInclude Include="TileMgr.h">
      <Filter>02. Design\08. TileMgr</Filter>
    </ClInclude>
    <ClInclude Include="MyEdit.h">
      <Filter>03. Scene\02. Edit</Filter>
    </ClInclude>
    <ClInclude Include="MyPng.h">
      <Filter>02. Design\06. BmpMgr\00.MyPng</Filter>
    </ClInclude>
    <ClInclude Include="PngMgr.h">
      <Filter>02. Design\06. BmpMgr\00.MyPng\06.PngMgr</Filter>
    </ClInclude>
    <ClInclude Include="SoundMgr.h">
      <Filter>02. Design\09.SoundMgr</Filter>
    </ClInclude>
    <ClInclude Include="LineMgr.h">
      <Filter>02. Design\03.LineMgr</Filter>
    </ClInclude>
    <ClInclude Include="Line.h">
      <Filter>02. Design\03.LineMgr\MyLine</Filter>
    </ClInclude>
    <ClInclude Include="GUI.h">
      <Filter>01. Obj\07.GUI</Filter>
    </ClInclude>
    <ClInclude Include="Dash.h">
      <Filter>01. Obj\01. Bullet\00.Dash</Filter>
    </ClInclude>
    <ClInclude Include="Teleport.h">
      <Filter>01. Obj\01. Bullet\01.Teleport</Filter>
    </ClInclude>
    <ClInclude Include="Fireball.h">
      <Filter>01. Obj\01. Bullet\02.Fireball</Filter>
    </ClInclude>
    <ClInclude Include="FireExploed.h">
      <Filter>01. Obj\01. Bullet\03.FireExploed</Filter>
    </ClInclude>
    <ClInclude Include="BossStage.h">
      <Filter>03. Scene\04. BossStage</Filter>
    </ClInclude>
    <ClInclude Include="Fireburn.h">
      <Filter>01. Obj\01. Bullet\04.Fireburn</Filter>
    </ClInclude>
    <ClInclude Include="Meteor.h">
      <Filter>01. Obj\01. Bullet\05.Meteor</Filter>
    </ClInclude>
    <ClInclude Include="MeteorExploed.h">
      <Filter>01. Obj\01. Bullet\06.MeteorExploed</Filter>
    </ClInclude>
    <ClInclude Include="Boss.h">
      <Filter>01. Obj\02. Monster\00.Boss</Filter>
    </ClInclude>
    <ClInclude Include="HitEffect.h">
      <Filter>01. Obj\01. Bullet\07.HitEffect</Filter>
    </ClInclude>
    <ClInclude Include="Knight.h">
      <Filter>01. Obj\02. Monster\01.Knight</Filter>
    </ClInclude>
    <ClInclude Include="MonsterSlash.h">
      <Filter>01. Obj\01. Bullet\08.MosterSlash</Filter>
    </ClInclude>
    <ClInclude Include="Wizard.h">
      <Filter>01. Obj\02. Monster\02.Wizard</Filter>
    </ClInclude>
    <ClInclude Include="CWizardFire.h">
      <Filter>01. Obj\01. Bullet\09.Wizard_Fire</Filter>
    </ClInclude>
    <ClInclude Include="Potal.h">
      <Filter>01. Obj\08.Potal</Filter>
    </ClInclude>
    <ClInclude Include="Coin.h">
      <Filter>01. Obj\09.Coin</Filter>
    </ClInclude>
    <ClInclude Include="Merchant.h">
      <Filter>01. Obj\10.Merchant</Filter>
    </ClInclude>
    <ClInclude Include="ShopTable.h">
      <Filter>01. Obj\11.ShopTable</Filter>
    </ClInclude>
    <ClInclude Include="Potion.h">
      <Filter>01. Obj\12.Potion</Filter>
    </ClInclude>
    <ClInclude Include="SkillCard.h">
      <Filter>01. Obj\13.SkillCard</Filter>
    </ClInclude>
    <ClInclude Include="KnightSpawn.h">
      <Filter>01. Obj\02. Monster\03.KnightSpawn</Filter>
    </ClInclude>
    <ClInclude Include="Wizard_Fire_Explosion.h">
      <Filter>01. Obj\01. Bullet\10.Wizard_Fire_Explosion</Filter>
    </ClInclude>
  </ItemGroup>
  <ItemGroup>
    <ClCompile Include="DefaultWindow.cpp">
      <Filter>소스 파일</Filter>
    </ClCompile>
    <ClCompile Include="MainGame.cpp">
      <Filter>00. MainGame</Filter>
    </ClCompile>
    <ClCompile Include="Obj.cpp">
      <Filter>01. Obj</Filter>
    </ClCompile>
    <ClCompile Include="Player.cpp">
      <Filter>01. Obj\00. Player</Filter>
    </ClCompile>
    <ClCompile Include="Magic.cpp">
      <Filter>01. Obj\01. Bullet</Filter>
    </ClCompile>
    <ClCompile Include="Monster.cpp">
      <Filter>01. Obj\02. Monster</Filter>
    </ClCompile>
    <ClCompile Include="Mouse.cpp">
      <Filter>01. Obj\03. Mouse</Filter>
    </ClCompile>
    <ClCompile Include="CollisionMgr.cpp">
      <Filter>02. Design\01. CollisionMgr</Filter>
    </ClCompile>
    <ClCompile Include="Shield.cpp">
      <Filter>01. Obj\04. Shield</Filter>
    </ClCompile>
    <ClCompile Include="ScrewBullet.cpp">
      <Filter>01. Obj\01. Bullet\00. ScrewBullet</Filter>
    </ClCompile>
    <ClCompile Include="ObjMgr.cpp">
      <Filter>02. Design\02. ObjMgr</Filter>
    </ClCompile>
    <ClCompile Include="GuideBullet.cpp">
      <Filter>01. Obj\01. Bullet\01. GuideBullet</Filter>
    </ClCompile>
    <ClCompile Include="stdafx.cpp">
      <Filter>소스 파일</Filter>
    </ClCompile>
    <ClCompile Include="KeyMgr.cpp">
      <Filter>02. Design\04. KeyMgr</Filter>
    </ClCompile>
    <ClCompile Include="ScrollMgr.cpp">
      <Filter>02. Design\05. ScrollMgr</Filter>
    </ClCompile>
    <ClCompile Include="MyBmp.cpp">
      <Filter>02. Design\06. BmpMgr\MyBmp</Filter>
    </ClCompile>
    <ClCompile Include="BmpMgr.cpp">
      <Filter>02. Design\06. BmpMgr</Filter>
    </ClCompile>
    <ClCompile Include="Scene.cpp">
      <Filter>02. Design\07. SceneMgr\Scene</Filter>
    </ClCompile>
    <ClCompile Include="Logo.cpp">
      <Filter>03. Scene\00. Logo</Filter>
    </ClCompile>
    <ClCompile Include="SceneMgr.cpp">
      <Filter>02. Design\07. SceneMgr</Filter>
    </ClCompile>
    <ClCompile Include="MyMenu.cpp">
      <Filter>03. Scene\01. Menu</Filter>
    </ClCompile>
    <ClCompile Include="MyButton.cpp">
      <Filter>01. Obj\05. Button</Filter>
    </ClCompile>
    <ClCompile Include="Stage.cpp">
      <Filter>03. Scene\03. Stage</Filter>
    </ClCompile>
    <ClCompile Include="Tile.cpp">
      <Filter>01. Obj\06. Tile</Filter>
    </ClCompile>
    <ClCompile Include="TileMgr.cpp">
      <Filter>02. Design\08. TileMgr</Filter>
    </ClCompile>
    <ClCompile Include="MyEdit.cpp">
      <Filter>03. Scene\02. Edit</Filter>
    </ClCompile>
    <ClCompile Include="MyPng.cpp">
      <Filter>02. Design\06. BmpMgr\00.MyPng</Filter>
    </ClCompile>
    <ClCompile Include="PngMgr.cpp">
      <Filter>02. Design\06. BmpMgr\00.MyPng\06.PngMgr</Filter>
    </ClCompile>
    <ClCompile Include="SoundMgr.cpp">
      <Filter>02. Design\09.SoundMgr</Filter>
    </ClCompile>
    <ClCompile Include="LineMgr.cpp">
      <Filter>02. Design\03.LineMgr</Filter>
    </ClCompile>
    <ClCompile Include="Line.cpp">
      <Filter>02. Design\03.LineMgr\MyLine</Filter>
    </ClCompile>
    <ClCompile Include="GUI.cpp">
      <Filter>01. Obj\07.GUI</Filter>
    </ClCompile>
    <ClCompile Include="Dash.cpp">
      <Filter>01. Obj\01. Bullet\00.Dash</Filter>
    </ClCompile>
    <ClCompile Include="Teleport.cpp">
      <Filter>01. Obj\01. Bullet\01.Teleport</Filter>
    </ClCompile>
    <ClCompile Include="Fireball.cpp">
      <Filter>01. Obj\01. Bullet\02.Fireball</Filter>
    </ClCompile>
    <ClCompile Include="FireExploed.cpp">
      <Filter>01. Obj\01. Bullet\03.FireExploed</Filter>
    </ClCompile>
    <ClCompile Include="BossStage.cpp">
      <Filter>03. Scene\04. BossStage</Filter>
    </ClCompile>
    <ClCompile Include="Fireburn.cpp">
      <Filter>01. Obj\01. Bullet\04.Fireburn</Filter>
    </ClCompile>
    <ClCompile Include="Meteor.cpp">
      <Filter>01. Obj\01. Bullet\05.Meteor</Filter>
    </ClCompile>
    <ClCompile Include="MeteorExploed.cpp">
      <Filter>01. Obj\01. Bullet\06.MeteorExploed</Filter>
    </ClCompile>
    <ClCompile Include="Boss.cpp">
      <Filter>01. Obj\02. Monster\00.Boss</Filter>
    </ClCompile>
    <ClCompile Include="HitEffect.cpp">
      <Filter>01. Obj\01. Bullet\07.HitEffect</Filter>
    </ClCompile>
    <ClCompile Include="Knight.cpp">
      <Filter>01. Obj\02. Monster\01.Knight</Filter>
    </ClCompile>
    <ClCompile Include="MonsterSlash.cpp">
      <Filter>01. Obj\01. Bullet\08.MosterSlash</Filter>
    </ClCompile>
    <ClCompile Include="Wizard.cpp">
      <Filter>01. Obj\02. Monster\02.Wizard</Filter>
    </ClCompile>
    <ClCompile Include="CWizardFire.cpp">
      <Filter>01. Obj\01. Bullet\09.Wizard_Fire</Filter>
    </ClCompile>
    <ClCompile Include="Potal.cpp">
      <Filter>01. Obj\08.Potal</Filter>
    </ClCompile>
    <ClCompile Include="Coin.cpp">
      <Filter>01. Obj\09.Coin</Filter>
    </ClCompile>
    <ClCompile Include="Merchant.cpp">
      <Filter>01. Obj\10.Merchant</Filter>
    </ClCompile>
    <ClCompile Include="ShopTable.cpp">
      <Filter>01. Obj\11.ShopTable</Filter>
    </ClCompile>
    <ClCompile Include="Potion.cpp">
      <Filter>01. Obj\12.Potion</Filter>
    </ClCompile>
    <ClCompile Include="SkillCard.cpp">
      <Filter>01. Obj\13.SkillCard</Filter>
    </ClCompile>
    <ClCompile Include="KnightSpawn.cpp">
      <Filter>01. Obj\02. Monster\03.KnightSpawn</Filter>
    </ClCompile>
    <ClCompile Include="Wizard_Fire_Explosion.cpp">
      <Filter>01. Obj\01. Bullet\10.Wizard_Fire_Explosion</Filter>
    </ClCompile>
  </ItemGroup>
  <ItemGroup>
    <ResourceCompile Include="DefaultWindow.rc">
      <Filter>리소스 파일</Filter>
    </ResourceCompile>
  </ItemGroup>
  <ItemGroup>
    <Image Include="small.ico">
      <Filter>리소스 파일</Filter>
    </Image>
    <Image Include="DefaultWindow.ico">
      <Filter>리소스 파일</Filter>
    </Image>
    <Image Include="bitmap1.bmp">
      <Filter>리소스 파일</Filter>
    </Image>
    <Image Include="..\Image\Cursor\MouseCursor0.png">
      <Filter>리소스 파일</Filter>
    </Image>
  </ItemGroup>
  <ItemGroup>
    <None Include="cursor1.cur">
      <Filter>리소스 파일</Filter>
    </None>
    <None Include="cursor2.cur">
      <Filter>리소스 파일</Filter>
    </None>
  </ItemGroup>
</Project>